# This file is automatically @generated by Cargo.
# It is not intended for manual editing.
version = 4

[[package]]
name = "axnet1"
version = "0.1.0"

[[package]]
name = "integration"
version = "0.1.0"
dependencies = [
 "axnet1",
 "starry-client",
]

[[package]]
name = "rtos-tester"
version = "0.1.0"
dependencies = [
 "axnet1",
 "starry-client",
]

[[package]]
name = "starry-client"
version = "0.1.0"
dependencies = [
 "axnet1",
]
